
Microsoft Visual Studio Solution File, Format Version 12.00
# Visual Studio Version 16
VisualStudioVersion = 16.0.31911.196
MinimumVisualStudioVersion = 10.0.40219.1
Project("{FAE04EC0-301F-11D3-BF4B-00C04F79EFBC}") = "FastType_Proskurin_Sideleva", "FastType_Proskurin_Sideleva.csproj", "{F365FCD5-8149-4BAE-B7CB-60F891734137}"
EndProject
Global
	GlobalSection(SolutionConfigurationPlatforms) = preSolution
		Debug|Any CPU = Debug|Any CPU
		Release|Any CPU = Release|Any CPU
	EndGlobalSection
	GlobalSection(ProjectConfigurationPlatforms) = postSolution
		{F365FCD5-8149-4BAE-B7CB-60F891734137}.Debug|Any CPU.ActiveCfg = Debug|Any CPU
		{F365FCD5-8149-4BAE-B7CB-60F891734137}.Debug|Any CPU.Build.0 = Debug|Any CPU
		{F365FCD5-8149-4BAE-B7CB-60F891734137}.Release|Any CPU.ActiveCfg = Release|Any CPU
		{F365FCD5-8149-4BAE-B7CB-60F891734137}.Release|Any CPU.Build.0 = Release|Any CPU
	EndGlobalSection
	GlobalSection(SolutionProperties) = preSolution
		HideSolutionNode = FALSE
	EndGlobalSection
	GlobalSection(ExtensibilityGlobals) = postSolution
		SolutionGuid = {9748C948-0268-4911-9FBD-39D4F200AC29}
	EndGlobalSection
EndGlobal
